{
  "nodes": {
    "flake-compat": {
      "flake": false,
      "locked": {
        "lastModified": 1747046372,
        "narHash": "sha256-CIVLLkVgvHYbgI2UpXvIIBJ12HWgX+fjA8Xf8PUmqCY=",
        "owner": "edolstra",
        "repo": "flake-compat",
        "rev": "9100a0f413b0c601e0533d1d94ffd501ce2e7885",
        "type": "github"
      },
      "original": {
        "owner": "edolstra",
        "repo": "flake-compat",
        "type": "github"
      }
    },
    "nixpkgs": {
      "locked": {
        "lastModified": 1755274400,
        "narHash": "sha256-rTInmnp/xYrfcMZyFMH3kc8oko5zYfxsowaLv1LVobY=",
        "owner": "NixOS",
        "repo": "nixpkgs",
        "rev": "ad7196ae55c295f53a7d1ec39e4a06d922f3b899",
        "type": "github"
      },
      "original": {
        "owner": "NixOS",
        "ref": "nixos-25.05",
        "repo": "nixpkgs",
        "type": "github"
      }
    },
    "nixpkgs_2": {
      "locked": {
        "lastModified": 1753934836,
        "narHash": "sha256-G06FmIBj0I5bMW1Q8hAEIl5N7IHMK7+Ta4KA+BmneDA=",
        "owner": "nixos",
        "repo": "nixpkgs",
        "rev": "8679b16e11becd487b45d568358ddf9d5640d860",
        "type": "github"
      },
      "original": {
        "owner": "nixos",
        "ref": "nixpkgs-unstable",
        "repo": "nixpkgs",
        "type": "github"
      }
    },
    "root": {
      "inputs": {
        "nixpkgs": "nixpkgs",
        "swww": "swww"
      }
    },
    "rust-overlay": {
      "inputs": {
        "nixpkgs": [
          "swww",
          "nixpkgs"
        ]
      },
      "locked": {
        "lastModified": 1753930086,
        "narHash": "sha256-Os6Ta5zamfAllmQNlvkbGZLHn06zJy3hVXRk+Dy2yMo=",
        "owner": "oxalica",
        "repo": "rust-overlay",
        "rev": "17b672c10c1798696a516cb879edbc2ebd0f58a4",
        "type": "github"
      },
      "original": {
        "owner": "oxalica",
        "repo": "rust-overlay",
        "type": "github"
      }
    },
    "swww": {
      "inputs": {
        "flake-compat": "flake-compat",
        "nixpkgs": "nixpkgs_2",
        "rust-overlay": "rust-overlay"
      },
      "locked": {
        "lastModified": 1754041947,
        "narHash": "sha256-KzuedC2yJU56sRBeMlndPuXK6UWHxSUtgAmJ/+Gww6I=",
        "owner": "LGFae",
        "repo": "swww",
        "rev": "63d71f2b8c6d1533b5fef748dfc490dd461e343c",
        "type": "github"
      },
      "original": {
        "owner": "LGFae",
        "repo": "swww",
        "type": "github"
      }
    }
  },
  "root": "root",
  "version": 7
}
